
Microsoft Visual Studio Solution File, Format Version 12.00
# Visual Studio Version 17
VisualStudioVersion = 17.0.31912.275
MinimumVisualStudioVersion = 10.0.40219.1
Project("{8BC9CEB8-8B4A-11D0-8D11-00A0C91BC942}") = "HW2_DZ2", "HW2_DZ2.vcxproj", "{250DF41A-9102-4290-82DE-90E89209AFA6}"
EndProject
Global
	GlobalSection(SolutionConfigurationPlatforms) = preSolution
		Debug|x64 = Debug|x64
		Debug|x86 = Debug|x86
		Release|x64 = Release|x64
		Release|x86 = Release|x86
	EndGlobalSection
	GlobalSection(ProjectConfigurationPlatforms) = postSolution
		{250DF41A-9102-4290-82DE-90E89209AFA6}.Debug|x64.ActiveCfg = Debug|x64
		{250DF41A-9102-4290-82DE-90E89209AFA6}.Debug|x64.Build.0 = Debug|x64
		{250DF41A-9102-4290-82DE-90E89209AFA6}.Debug|x86.ActiveCfg = Debug|Win32
		{250DF41A-9102-4290-82DE-90E89209AFA6}.Debug|x86.Build.0 = Debug|Win32
		{250DF41A-9102-4290-82DE-90E89209AFA6}.Release|x64.ActiveCfg = Release|x64
		{250DF41A-9102-4290-82DE-90E89209AFA6}.Release|x64.Build.0 = Release|x64
		{250DF41A-9102-4290-82DE-90E89209AFA6}.Release|x86.ActiveCfg = Release|Win32
		{250DF41A-9102-4290-82DE-90E89209AFA6}.Release|x86.Build.0 = Release|Win32
	EndGlobalSection
	GlobalSection(SolutionProperties) = preSolution
		HideSolutionNode = FALSE
	EndGlobalSection
	GlobalSection(ExtensibilityGlobals) = postSolution
		SolutionGuid = {28C0AC28-5454-4ED4-BD22-360A45B009EA}
	EndGlobalSection
EndGlobal
